
Microsoft Visual Studio Solution File, Format Version 12.00
# Visual Studio 15
VisualStudioVersion = 15.0.28307.852
MinimumVisualStudioVersion = 10.0.40219.1
Project("{FAE04EC0-301F-11D3-BF4B-00C04F79EFBC}") = "DualViewsDrawingModel", "DualViewsDrawingModel\DualViewsDrawingModel.csproj", "{D526A6FE-F46B-4BF9-A6CD-53C61F4B9C6A}"
EndProject
Project("{FAE04EC0-301F-11D3-BF4B-00C04F79EFBC}") = "DualViewsDrawingWindowsFormsApplication", "DualViewsDrawingWindowsFormsApplication\DualViewsDrawingWindowsFormsApplication.csproj", "{7BC0B5D6-268A-4A7B-B6BE-2FB8FB618528}"
EndProject
Project("{FAE04EC0-301F-11D3-BF4B-00C04F79EFBC}") = "WindowsFormsCustomComponents", "WindowsFormsCustomComponents\WindowsFormsCustomComponents.csproj", "{8BADAEE8-4CDD-4B8F-8378-43897A802AC2}"
EndProject
Project("{FAE04EC0-301F-11D3-BF4B-00C04F79EFBC}") = "DualViewsDrawingWindowsUniversalApplication", "DualViewsDrawingWindowsUniversalApplication\DualViewsDrawingWindowsUniversalApplication.csproj", "{C95723E0-B1B8-4945-A2DD-7C9228E2D983}"
EndProject
Project("{FAE04EC0-301F-11D3-BF4B-00C04F79EFBC}") = "DualViewsDrawingModelTest", "DualViewsDrawingModelTest\DualViewsDrawingModelTest.csproj", "{69B74027-CAB9-442B-B498-5F9E54BEF680}"
EndProject
Project("{FAE04EC0-301F-11D3-BF4B-00C04F79EFBC}") = "DualViewsDrawingWindowsFormsApplicationTest", "DualViewsDrawingWindowsFormsApplicationTest\DualViewsDrawingWindowsFormsApplicationTest.csproj", "{5D871A9F-3233-4A29-90A5-E4C6B1ECFD52}"
EndProject
Global
	GlobalSection(SolutionConfigurationPlatforms) = preSolution
		Debug|Any CPU = Debug|Any CPU
		Debug|ARM = Debug|ARM
		Debug|ARM64 = Debug|ARM64
		Debug|x64 = Debug|x64
		Debug|x86 = Debug|x86
		Release|Any CPU = Release|Any CPU
		Release|ARM = Release|ARM
		Release|ARM64 = Release|ARM64
		Release|x64 = Release|x64
		Release|x86 = Release|x86
	EndGlobalSection
	GlobalSection(ProjectConfigurationPlatforms) = postSolution
		{D526A6FE-F46B-4BF9-A6CD-53C61F4B9C6A}.Debug|Any CPU.ActiveCfg = Debug|Any CPU
		{D526A6FE-F46B-4BF9-A6CD-53C61F4B9C6A}.Debug|Any CPU.Build.0 = Debug|Any CPU
		{D526A6FE-F46B-4BF9-A6CD-53C61F4B9C6A}.Debug|ARM.ActiveCfg = Debug|Any CPU
		{D526A6FE-F46B-4BF9-A6CD-53C61F4B9C6A}.Debug|ARM.Build.0 = Debug|Any CPU
		{D526A6FE-F46B-4BF9-A6CD-53C61F4B9C6A}.Debug|ARM64.ActiveCfg = Debug|Any CPU
		{D526A6FE-F46B-4BF9-A6CD-53C61F4B9C6A}.Debug|ARM64.Build.0 = Debug|Any CPU
		{D526A6FE-F46B-4BF9-A6CD-53C61F4B9C6A}.Debug|x64.ActiveCfg = Debug|Any CPU
		{D526A6FE-F46B-4BF9-A6CD-53C61F4B9C6A}.Debug|x64.Build.0 = Debug|Any CPU
		{D526A6FE-F46B-4BF9-A6CD-53C61F4B9C6A}.Debug|x86.ActiveCfg = Debug|Any CPU
		{D526A6FE-F46B-4BF9-A6CD-53C61F4B9C6A}.Debug|x86.Build.0 = Debug|Any CPU
		{D526A6FE-F46B-4BF9-A6CD-53C61F4B9C6A}.Release|Any CPU.ActiveCfg = Release|Any CPU
		{D526A6FE-F46B-4BF9-A6CD-53C61F4B9C6A}.Release|Any CPU.Build.0 = Release|Any CPU
		{D526A6FE-F46B-4BF9-A6CD-53C61F4B9C6A}.Release|ARM.ActiveCfg = Release|Any CPU
		{D526A6FE-F46B-4BF9-A6CD-53C61F4B9C6A}.Release|ARM.Build.0 = Release|Any CPU
		{D526A6FE-F46B-4BF9-A6CD-53C61F4B9C6A}.Release|ARM64.ActiveCfg = Release|Any CPU
		{D526A6FE-F46B-4BF9-A6CD-53C61F4B9C6A}.Release|ARM64.Build.0 = Release|Any CPU
		{D526A6FE-F46B-4BF9-A6CD-53C61F4B9C6A}.Release|x64.ActiveCfg = Release|Any CPU
		{D526A6FE-F46B-4BF9-A6CD-53C61F4B9C6A}.Release|x64.Build.0 = Release|Any CPU
		{D526A6FE-F46B-4BF9-A6CD-53C61F4B9C6A}.Release|x86.ActiveCfg = Release|Any CPU
		{D526A6FE-F46B-4BF9-A6CD-53C61F4B9C6A}.Release|x86.Build.0 = Release|Any CPU
		{7BC0B5D6-268A-4A7B-B6BE-2FB8FB618528}.Debug|Any CPU.ActiveCfg = Debug|Any CPU
		{7BC0B5D6-268A-4A7B-B6BE-2FB8FB618528}.Debug|Any CPU.Build.0 = Debug|Any CPU
		{7BC0B5D6-268A-4A7B-B6BE-2FB8FB618528}.Debug|ARM.ActiveCfg = Debug|Any CPU
		{7BC0B5D6-268A-4A7B-B6BE-2FB8FB618528}.Debug|ARM.Build.0 = Debug|Any CPU
		{7BC0B5D6-268A-4A7B-B6BE-2FB8FB618528}.Debug|ARM64.ActiveCfg = Debug|Any CPU
		{7BC0B5D6-268A-4A7B-B6BE-2FB8FB618528}.Debug|ARM64.Build.0 = Debug|Any CPU
		{7BC0B5D6-268A-4A7B-B6BE-2FB8FB618528}.Debug|x64.ActiveCfg = Debug|Any CPU
		{7BC0B5D6-268A-4A7B-B6BE-2FB8FB618528}.Debug|x64.Build.0 = Debug|Any CPU
		{7BC0B5D6-268A-4A7B-B6BE-2FB8FB618528}.Debug|x86.ActiveCfg = Debug|Any CPU
		{7BC0B5D6-268A-4A7B-B6BE-2FB8FB618528}.Debug|x86.Build.0 = Debug|Any CPU
		{7BC0B5D6-268A-4A7B-B6BE-2FB8FB618528}.Release|Any CPU.ActiveCfg = Release|Any CPU
		{7BC0B5D6-268A-4A7B-B6BE-2FB8FB618528}.Release|Any CPU.Build.0 = Release|Any CPU
		{7BC0B5D6-268A-4A7B-B6BE-2FB8FB618528}.Release|ARM.ActiveCfg = Release|Any CPU
		{7BC0B5D6-268A-4A7B-B6BE-2FB8FB618528}.Release|ARM.Build.0 = Release|Any CPU
		{7BC0B5D6-268A-4A7B-B6BE-2FB8FB618528}.Release|ARM64.ActiveCfg = Release|Any CPU
		{7BC0B5D6-268A-4A7B-B6BE-2FB8FB618528}.Release|ARM64.Build.0 = Release|Any CPU
		{7BC0B5D6-268A-4A7B-B6BE-2FB8FB618528}.Release|x64.ActiveCfg = Release|Any CPU
		{7BC0B5D6-268A-4A7B-B6BE-2FB8FB618528}.Release|x64.Build.0 = Release|Any CPU
		{7BC0B5D6-268A-4A7B-B6BE-2FB8FB618528}.Release|x86.ActiveCfg = Release|Any CPU
		{7BC0B5D6-268A-4A7B-B6BE-2FB8FB618528}.Release|x86.Build.0 = Release|Any CPU
		{8BADAEE8-4CDD-4B8F-8378-43897A802AC2}.Debug|Any CPU.ActiveCfg = Debug|Any CPU
		{8BADAEE8-4CDD-4B8F-8378-43897A802AC2}.Debug|Any CPU.Build.0 = Debug|Any CPU
		{8BADAEE8-4CDD-4B8F-8378-43897A802AC2}.Debug|ARM.ActiveCfg = Debug|Any CPU
		{8BADAEE8-4CDD-4B8F-8378-43897A802AC2}.Debug|ARM.Build.0 = Debug|Any CPU
		{8BADAEE8-4CDD-4B8F-8378-43897A802AC2}.Debug|ARM64.ActiveCfg = Debug|Any CPU
		{8BADAEE8-4CDD-4B8F-8378-43897A802AC2}.Debug|ARM64.Build.0 = Debug|Any CPU
		{8BADAEE8-4CDD-4B8F-8378-43897A802AC2}.Debug|x64.ActiveCfg = Debug|Any CPU
		{8BADAEE8-4CDD-4B8F-8378-43897A802AC2}.Debug|x64.Build.0 = Debug|Any CPU
		{8BADAEE8-4CDD-4B8F-8378-43897A802AC2}.Debug|x86.ActiveCfg = Debug|Any CPU
		{8BADAEE8-4CDD-4B8F-8378-43897A802AC2}.Debug|x86.Build.0 = Debug|Any CPU
		{8BADAEE8-4CDD-4B8F-8378-43897A802AC2}.Release|Any CPU.ActiveCfg = Release|Any CPU
		{8BADAEE8-4CDD-4B8F-8378-43897A802AC2}.Release|Any CPU.Build.0 = Release|Any CPU
		{8BADAEE8-4CDD-4B8F-8378-43897A802AC2}.Release|ARM.ActiveCfg = Release|Any CPU
		{8BADAEE8-4CDD-4B8F-8378-43897A802AC2}.Release|ARM.Build.0 = Release|Any CPU
		{8BADAEE8-4CDD-4B8F-8378-43897A802AC2}.Release|ARM64.ActiveCfg = Release|Any CPU
		{8BADAEE8-4CDD-4B8F-8378-43897A802AC2}.Release|ARM64.Build.0 = Release|Any CPU
		{8BADAEE8-4CDD-4B8F-8378-43897A802AC2}.Release|x64.ActiveCfg = Release|Any CPU
		{8BADAEE8-4CDD-4B8F-8378-43897A802AC2}.Release|x64.Build.0 = Release|Any CPU
		{8BADAEE8-4CDD-4B8F-8378-43897A802AC2}.Release|x86.ActiveCfg = Release|Any CPU
		{8BADAEE8-4CDD-4B8F-8378-43897A802AC2}.Release|x86.Build.0 = Release|Any CPU
		{C95723E0-B1B8-4945-A2DD-7C9228E2D983}.Debug|Any CPU.ActiveCfg = Debug|x86
		{C95723E0-B1B8-4945-A2DD-7C9228E2D983}.Debug|Any CPU.Build.0 = Debug|x86
		{C95723E0-B1B8-4945-A2DD-7C9228E2D983}.Debug|Any CPU.Deploy.0 = Debug|x86
		{C95723E0-B1B8-4945-A2DD-7C9228E2D983}.Debug|ARM.ActiveCfg = Debug|ARM
		{C95723E0-B1B8-4945-A2DD-7C9228E2D983}.Debug|ARM.Build.0 = Debug|ARM
		{C95723E0-B1B8-4945-A2DD-7C9228E2D983}.Debug|ARM.Deploy.0 = Debug|ARM
		{C95723E0-B1B8-4945-A2DD-7C9228E2D983}.Debug|ARM64.ActiveCfg = Debug|ARM64
		{C95723E0-B1B8-4945-A2DD-7C9228E2D983}.Debug|ARM64.Build.0 = Debug|ARM64
		{C95723E0-B1B8-4945-A2DD-7C9228E2D983}.Debug|ARM64.Deploy.0 = Debug|ARM64
		{C95723E0-B1B8-4945-A2DD-7C9228E2D983}.Debug|x64.ActiveCfg = Debug|x64
		{C95723E0-B1B8-4945-A2DD-7C9228E2D983}.Debug|x64.Build.0 = Debug|x64
		{C95723E0-B1B8-4945-A2DD-7C9228E2D983}.Debug|x64.Deploy.0 = Debug|x64
		{C95723E0-B1B8-4945-A2DD-7C9228E2D983}.Debug|x86.ActiveCfg = Debug|x86
		{C95723E0-B1B8-4945-A2DD-7C9228E2D983}.Debug|x86.Build.0 = Debug|x86
		{C95723E0-B1B8-4945-A2DD-7C9228E2D983}.Debug|x86.Deploy.0 = Debug|x86
		{C95723E0-B1B8-4945-A2DD-7C9228E2D983}.Release|Any CPU.ActiveCfg = Release|x86
		{C95723E0-B1B8-4945-A2DD-7C9228E2D983}.Release|ARM.ActiveCfg = Release|ARM
		{C95723E0-B1B8-4945-A2DD-7C9228E2D983}.Release|ARM.Build.0 = Release|ARM
		{C95723E0-B1B8-4945-A2DD-7C9228E2D983}.Release|ARM.Deploy.0 = Release|ARM
		{C95723E0-B1B8-4945-A2DD-7C9228E2D983}.Release|ARM64.ActiveCfg = Release|ARM64
		{C95723E0-B1B8-4945-A2DD-7C9228E2D983}.Release|ARM64.Build.0 = Release|ARM64
		{C95723E0-B1B8-4945-A2DD-7C9228E2D983}.Release|ARM64.Deploy.0 = Release|ARM64
		{C95723E0-B1B8-4945-A2DD-7C9228E2D983}.Release|x64.ActiveCfg = Release|x64
		{C95723E0-B1B8-4945-A2DD-7C9228E2D983}.Release|x64.Build.0 = Release|x64
		{C95723E0-B1B8-4945-A2DD-7C9228E2D983}.Release|x64.Deploy.0 = Release|x64
		{C95723E0-B1B8-4945-A2DD-7C9228E2D983}.Release|x86.ActiveCfg = Release|x86
		{C95723E0-B1B8-4945-A2DD-7C9228E2D983}.Release|x86.Build.0 = Release|x86
		{C95723E0-B1B8-4945-A2DD-7C9228E2D983}.Release|x86.Deploy.0 = Release|x86
		{69B74027-CAB9-442B-B498-5F9E54BEF680}.Debug|Any CPU.ActiveCfg = Debug|Any CPU
		{69B74027-CAB9-442B-B498-5F9E54BEF680}.Debug|Any CPU.Build.0 = Debug|Any CPU
		{69B74027-CAB9-442B-B498-5F9E54BEF680}.Debug|ARM.ActiveCfg = Debug|Any CPU
		{69B74027-CAB9-442B-B498-5F9E54BEF680}.Debug|ARM.Build.0 = Debug|Any CPU
		{69B74027-CAB9-442B-B498-5F9E54BEF680}.Debug|ARM64.ActiveCfg = Debug|Any CPU
		{69B74027-CAB9-442B-B498-5F9E54BEF680}.Debug|ARM64.Build.0 = Debug|Any CPU
		{69B74027-CAB9-442B-B498-5F9E54BEF680}.Debug|x64.ActiveCfg = Debug|Any CPU
		{69B74027-CAB9-442B-B498-5F9E54BEF680}.Debug|x64.Build.0 = Debug|Any CPU
		{69B74027-CAB9-442B-B498-5F9E54BEF680}.Debug|x86.ActiveCfg = Debug|Any CPU
		{69B74027-CAB9-442B-B498-5F9E54BEF680}.Debug|x86.Build.0 = Debug|Any CPU
		{69B74027-CAB9-442B-B498-5F9E54BEF680}.Release|Any CPU.ActiveCfg = Release|Any CPU
		{69B74027-CAB9-442B-B498-5F9E54BEF680}.Release|Any CPU.Build.0 = Release|Any CPU
		{69B74027-CAB9-442B-B498-5F9E54BEF680}.Release|ARM.ActiveCfg = Release|Any CPU
		{69B74027-CAB9-442B-B498-5F9E54BEF680}.Release|ARM.Build.0 = Release|Any CPU
		{69B74027-CAB9-442B-B498-5F9E54BEF680}.Release|ARM64.ActiveCfg = Release|Any CPU
		{69B74027-CAB9-442B-B498-5F9E54BEF680}.Release|ARM64.Build.0 = Release|Any CPU
		{69B74027-CAB9-442B-B498-5F9E54BEF680}.Release|x64.ActiveCfg = Release|Any CPU
		{69B74027-CAB9-442B-B498-5F9E54BEF680}.Release|x64.Build.0 = Release|Any CPU
		{69B74027-CAB9-442B-B498-5F9E54BEF680}.Release|x86.ActiveCfg = Release|Any CPU
		{69B74027-CAB9-442B-B498-5F9E54BEF680}.Release|x86.Build.0 = Release|Any CPU
		{5D871A9F-3233-4A29-90A5-E4C6B1ECFD52}.Debug|Any CPU.ActiveCfg = Debug|Any CPU
		{5D871A9F-3233-4A29-90A5-E4C6B1ECFD52}.Debug|Any CPU.Build.0 = Debug|Any CPU
		{5D871A9F-3233-4A29-90A5-E4C6B1ECFD52}.Debug|ARM.ActiveCfg = Debug|Any CPU
		{5D871A9F-3233-4A29-90A5-E4C6B1ECFD52}.Debug|ARM.Build.0 = Debug|Any CPU
		{5D871A9F-3233-4A29-90A5-E4C6B1ECFD52}.Debug|ARM64.ActiveCfg = Debug|Any CPU
		{5D871A9F-3233-4A29-90A5-E4C6B1ECFD52}.Debug|ARM64.Build.0 = Debug|Any CPU
		{5D871A9F-3233-4A29-90A5-E4C6B1ECFD52}.Debug|x64.ActiveCfg = Debug|Any CPU
		{5D871A9F-3233-4A29-90A5-E4C6B1ECFD52}.Debug|x64.Build.0 = Debug|Any CPU
		{5D871A9F-3233-4A29-90A5-E4C6B1ECFD52}.Debug|x86.ActiveCfg = Debug|Any CPU
		{5D871A9F-3233-4A29-90A5-E4C6B1ECFD52}.Debug|x86.Build.0 = Debug|Any CPU
		{5D871A9F-3233-4A29-90A5-E4C6B1ECFD52}.Release|Any CPU.ActiveCfg = Release|Any CPU
		{5D871A9F-3233-4A29-90A5-E4C6B1ECFD52}.Release|Any CPU.Build.0 = Release|Any CPU
		{5D871A9F-3233-4A29-90A5-E4C6B1ECFD52}.Release|ARM.ActiveCfg = Release|Any CPU
		{5D871A9F-3233-4A29-90A5-E4C6B1ECFD52}.Release|ARM.Build.0 = Release|Any CPU
		{5D871A9F-3233-4A29-90A5-E4C6B1ECFD52}.Release|ARM64.ActiveCfg = Release|Any CPU
		{5D871A9F-3233-4A29-90A5-E4C6B1ECFD52}.Release|ARM64.Build.0 = Release|Any CPU
		{5D871A9F-3233-4A29-90A5-E4C6B1ECFD52}.Release|x64.ActiveCfg = Release|Any CPU
		{5D871A9F-3233-4A29-90A5-E4C6B1ECFD52}.Release|x64.Build.0 = Release|Any CPU
		{5D871A9F-3233-4A29-90A5-E4C6B1ECFD52}.Release|x86.ActiveCfg = Release|Any CPU
		{5D871A9F-3233-4A29-90A5-E4C6B1ECFD52}.Release|x86.Build.0 = Release|Any CPU
	EndGlobalSection
	GlobalSection(SolutionProperties) = preSolution
		HideSolutionNode = FALSE
	EndGlobalSection
	GlobalSection(ExtensibilityGlobals) = postSolution
		SolutionGuid = {07A0CF91-C915-470C-B0B3-1648845274E9}
	EndGlobalSection
EndGlobal
